
Microsoft Visual Studio Solution File, Format Version 12.00
# Visual Studio Version 16
VisualStudioVersion = 16.0.30611.23
MinimumVisualStudioVersion = 10.0.40219.1
Project("{9A19103F-16F7-4668-BE54-9A1E7A4F7556}") = "BitcoinFallingPriceWarner", "BitcoinFallingPriceWarner\BitcoinFallingPriceWarner.csproj", "{D7D38254-496B-4B8D-85FE-C267C9B68928}"
EndProject
Project("{FAE04EC0-301F-11D3-BF4B-00C04F79EFBC}") = "BitcoinFallingPriceWarnerWorkerService", "BitcoinFallingPriceWarnerWorkerService\BitcoinFallingPriceWarnerWorkerService.csproj", "{4831199A-9908-4791-80EC-5811EE01EB9B}"
EndProject
Global
	GlobalSection(SolutionConfigurationPlatforms) = preSolution
		Debug|Any CPU = Debug|Any CPU
		Release|Any CPU = Release|Any CPU
	EndGlobalSection
	GlobalSection(ProjectConfigurationPlatforms) = postSolution
		{D7D38254-496B-4B8D-85FE-C267C9B68928}.Debug|Any CPU.ActiveCfg = Debug|Any CPU
		{D7D38254-496B-4B8D-85FE-C267C9B68928}.Debug|Any CPU.Build.0 = Debug|Any CPU
		{D7D38254-496B-4B8D-85FE-C267C9B68928}.Release|Any CPU.ActiveCfg = Release|Any CPU
		{D7D38254-496B-4B8D-85FE-C267C9B68928}.Release|Any CPU.Build.0 = Release|Any CPU
		{4831199A-9908-4791-80EC-5811EE01EB9B}.Debug|Any CPU.ActiveCfg = Debug|Any CPU
		{4831199A-9908-4791-80EC-5811EE01EB9B}.Debug|Any CPU.Build.0 = Debug|Any CPU
		{4831199A-9908-4791-80EC-5811EE01EB9B}.Release|Any CPU.ActiveCfg = Release|Any CPU
		{4831199A-9908-4791-80EC-5811EE01EB9B}.Release|Any CPU.Build.0 = Release|Any CPU
	EndGlobalSection
	GlobalSection(SolutionProperties) = preSolution
		HideSolutionNode = FALSE
	EndGlobalSection
	GlobalSection(ExtensibilityGlobals) = postSolution
		SolutionGuid = {0D8F42DD-409C-433F-9F5E-BC4025457493}
	EndGlobalSection
EndGlobal
